{
  "name": "quarkblockchainnav-nativefier-d23b42",
  "version": "1.0.0",
  "lockfileVersion": 1,
  "requires": true,
  "dependencies": {
    "loglevel": {
      "version": "1.6.1",
      "resolved": "https://registry.npmjs.org/loglevel/-/loglevel-1.6.1.tgz",
      "integrity": "sha1-4PyVEztu8nbNyIh82vJKpvFW+Po="
    },
    "source-map-support": {
      "version": "0.5.4",
      "resolved": "https://registry.npmjs.org/source-map-support/-/source-map-support-0.5.4.tgz",
      "integrity": "sha512-PETSPG6BjY1AHs2t64vS2aqAgu6dMIMXJULWFBGbh2Gr8nVLbCFDo6i/RMMvviIQ2h1Z8+5gQhVKSn2je9nmdg=="
    },
    "wurl": {
      "version": "2.5.2",
      "resolved": "https://registry.npmjs.org/wurl/-/wurl-2.5.2.tgz",
      "integrity": "sha512-7CKCKvBF94tBoyIACUzNHw9wxpJhqhPa6L6Yz1RzHUJww0IkgqVTwF9kGtW/EowA+WKdRFayEFxcKKY+aPdGlA=="
    }
  }
}
